
Microsoft Visual Studio Solution File, Format Version 12.00
# Visual Studio Version 17
VisualStudioVersion = 17.5.002.0
MinimumVisualStudioVersion = 10.0.40219.1
Project("{9A19103F-16F7-4668-BE54-9A1E7A4F7556}") = "PropertiesAndOperationsWithTimeSpan", "PropertiesAndOperationsWithTimeSpan.csproj", "{4327D114-F0D6-4D7C-BA86-37A9C1EDD21E}"
EndProject
Global
	GlobalSection(SolutionConfigurationPlatforms) = preSolution
		Debug|Any CPU = Debug|Any CPU
		Release|Any CPU = Release|Any CPU
	EndGlobalSection
	GlobalSection(ProjectConfigurationPlatforms) = postSolution
		{4327D114-F0D6-4D7C-BA86-37A9C1EDD21E}.Debug|Any CPU.ActiveCfg = Debug|Any CPU
		{4327D114-F0D6-4D7C-BA86-37A9C1EDD21E}.Debug|Any CPU.Build.0 = Debug|Any CPU
		{4327D114-F0D6-4D7C-BA86-37A9C1EDD21E}.Release|Any CPU.ActiveCfg = Release|Any CPU
		{4327D114-F0D6-4D7C-BA86-37A9C1EDD21E}.Release|Any CPU.Build.0 = Release|Any CPU
	EndGlobalSection
	GlobalSection(SolutionProperties) = preSolution
		HideSolutionNode = FALSE
	EndGlobalSection
	GlobalSection(ExtensibilityGlobals) = postSolution
		SolutionGuid = {9191E167-145D-44ED-B90F-660A7C33ABA5}
	EndGlobalSection
EndGlobal
